
Microsoft Visual Studio Solution File, Format Version 12.00
# Visual Studio Version 16
VisualStudioVersion = 16.0.29306.81
MinimumVisualStudioVersion = 10.0.40219.1
Project("{FAE04EC0-301F-11D3-BF4B-00C04F79EFBC}") = "VPNClient", "VPNClient.csproj", "{343FCA90-FC87-4D08-93ED-0D6B1C05AFD3}"
EndProject
Global
	GlobalSection(SolutionConfigurationPlatforms) = preSolution
		Debug|Any CPU = Debug|Any CPU
		Release|Any CPU = Release|Any CPU
	EndGlobalSection
	GlobalSection(ProjectConfigurationPlatforms) = postSolution
		{343FCA90-FC87-4D08-93ED-0D6B1C05AFD3}.Debug|Any CPU.ActiveCfg = Debug|Any CPU
		{343FCA90-FC87-4D08-93ED-0D6B1C05AFD3}.Debug|Any CPU.Build.0 = Debug|Any CPU
		{343FCA90-FC87-4D08-93ED-0D6B1C05AFD3}.Release|Any CPU.ActiveCfg = Release|Any CPU
		{343FCA90-FC87-4D08-93ED-0D6B1C05AFD3}.Release|Any CPU.Build.0 = Release|Any CPU
	EndGlobalSection
	GlobalSection(SolutionProperties) = preSolution
		HideSolutionNode = FALSE
	EndGlobalSection
	GlobalSection(ExtensibilityGlobals) = postSolution
		SolutionGuid = {929F8564-E30C-47B0-AA59-ACE3C78428C1}
	EndGlobalSection
EndGlobal
